
Microsoft Visual Studio Solution File, Format Version 12.00
# Visual Studio Version 17
VisualStudioVersion = 17.0.31903.59
MinimumVisualStudioVersion = 10.0.40219.1
Project("{2150E333-8FDC-42A3-9474-1A3956D46DE8}") = "src", "src", "{FEB0FE62-1F4A-4704-B282-0E03F74BCC9A}"
EndProject
Project("{FAE04EC0-301F-11D3-BF4B-00C04F79EFBC}") = "Domain", "src\Domain\Domain.csproj", "{166746A2-63E4-4C9D-92AE-83CD8BC660C7}"
EndProject
Project("{FAE04EC0-301F-11D3-BF4B-00C04F79EFBC}") = "DataAccess", "src\DataAccess\DataAccess.csproj", "{70A67B1D-B952-4A7C-87C2-B0BDDFEA8E01}"
EndProject
Project("{FAE04EC0-301F-11D3-BF4B-00C04F79EFBC}") = "Services", "src\Services\Services.csproj", "{0171903D-5684-460C-A546-2D360FDCC138}"
EndProject
Project("{FAE04EC0-301F-11D3-BF4B-00C04F79EFBC}") = "WebAPI", "src\WebAPI\WebAPI.csproj", "{9C9297E3-6B59-41B8-A6E9-7A9A94A8DEA6}"
EndProject
Project("{2150E333-8FDC-42A3-9474-1A3956D46DE8}") = "tests", "tests", "{BBC06455-1E5B-494E-BD08-4E202AC7E1FF}"
EndProject
Project("{FAE04EC0-301F-11D3-BF4B-00C04F79EFBC}") = "IntegrationTests", "tests\IntegrationTests\IntegrationTests.csproj", "{E4E56835-A5A7-43F5-897C-8FAD4CC430D1}"
EndProject
Global
	GlobalSection(SolutionConfigurationPlatforms) = preSolution
		Debug|Any CPU = Debug|Any CPU
		Release|Any CPU = Release|Any CPU
	EndGlobalSection
	GlobalSection(SolutionProperties) = preSolution
		HideSolutionNode = FALSE
	EndGlobalSection
	GlobalSection(ProjectConfigurationPlatforms) = postSolution
		{166746A2-63E4-4C9D-92AE-83CD8BC660C7}.Debug|Any CPU.ActiveCfg = Debug|Any CPU
		{166746A2-63E4-4C9D-92AE-83CD8BC660C7}.Debug|Any CPU.Build.0 = Debug|Any CPU
		{166746A2-63E4-4C9D-92AE-83CD8BC660C7}.Release|Any CPU.ActiveCfg = Release|Any CPU
		{166746A2-63E4-4C9D-92AE-83CD8BC660C7}.Release|Any CPU.Build.0 = Release|Any CPU
		{70A67B1D-B952-4A7C-87C2-B0BDDFEA8E01}.Debug|Any CPU.ActiveCfg = Debug|Any CPU
		{70A67B1D-B952-4A7C-87C2-B0BDDFEA8E01}.Debug|Any CPU.Build.0 = Debug|Any CPU
		{70A67B1D-B952-4A7C-87C2-B0BDDFEA8E01}.Release|Any CPU.ActiveCfg = Release|Any CPU
		{70A67B1D-B952-4A7C-87C2-B0BDDFEA8E01}.Release|Any CPU.Build.0 = Release|Any CPU
		{0171903D-5684-460C-A546-2D360FDCC138}.Debug|Any CPU.ActiveCfg = Debug|Any CPU
		{0171903D-5684-460C-A546-2D360FDCC138}.Debug|Any CPU.Build.0 = Debug|Any CPU
		{0171903D-5684-460C-A546-2D360FDCC138}.Release|Any CPU.ActiveCfg = Release|Any CPU
		{0171903D-5684-460C-A546-2D360FDCC138}.Release|Any CPU.Build.0 = Release|Any CPU
		{9C9297E3-6B59-41B8-A6E9-7A9A94A8DEA6}.Debug|Any CPU.ActiveCfg = Debug|Any CPU
		{9C9297E3-6B59-41B8-A6E9-7A9A94A8DEA6}.Debug|Any CPU.Build.0 = Debug|Any CPU
		{9C9297E3-6B59-41B8-A6E9-7A9A94A8DEA6}.Release|Any CPU.ActiveCfg = Release|Any CPU
		{9C9297E3-6B59-41B8-A6E9-7A9A94A8DEA6}.Release|Any CPU.Build.0 = Release|Any CPU
		{E4E56835-A5A7-43F5-897C-8FAD4CC430D1}.Debug|Any CPU.ActiveCfg = Debug|Any CPU
		{E4E56835-A5A7-43F5-897C-8FAD4CC430D1}.Debug|Any CPU.Build.0 = Debug|Any CPU
		{E4E56835-A5A7-43F5-897C-8FAD4CC430D1}.Release|Any CPU.ActiveCfg = Release|Any CPU
		{E4E56835-A5A7-43F5-897C-8FAD4CC430D1}.Release|Any CPU.Build.0 = Release|Any CPU
	EndGlobalSection
	GlobalSection(NestedProjects) = preSolution
		{166746A2-63E4-4C9D-92AE-83CD8BC660C7} = {FEB0FE62-1F4A-4704-B282-0E03F74BCC9A}
		{70A67B1D-B952-4A7C-87C2-B0BDDFEA8E01} = {FEB0FE62-1F4A-4704-B282-0E03F74BCC9A}
		{0171903D-5684-460C-A546-2D360FDCC138} = {FEB0FE62-1F4A-4704-B282-0E03F74BCC9A}
		{9C9297E3-6B59-41B8-A6E9-7A9A94A8DEA6} = {FEB0FE62-1F4A-4704-B282-0E03F74BCC9A}
		{E4E56835-A5A7-43F5-897C-8FAD4CC430D1} = {BBC06455-1E5B-494E-BD08-4E202AC7E1FF}
	EndGlobalSection
EndGlobal
